// !$*UTF8*$!
{
	archiveVersion = 1;
	classes = {
	};
	objectVersion = 56;
	objects = {

/* Begin PBXBuildFile section */
		F8871BC02B53870F00052802 /* CourtJumpSlingshotApp.swift in Sources */ = {isa = PBXBuildFile; fileRef = F8871BBF2B53870F00052802 /* CourtJumpSlingshotApp.swift */; };
		F8871BC22B53870F00052802 /* StartView.swift in Sources */ = {isa = PBXBuildFile; fileRef = F8871BC12B53870F00052802 /* StartView.swift */; };
		F8871BC42B53871000052802 /* Assets.xcassets in Resources */ = {isa = PBXBuildFile; fileRef = F8871BC32B53871000052802 /* Assets.xcassets */; };
		F8871BC72B53871000052802 /* Preview Assets.xcassets in Resources */ = {isa = PBXBuildFile; fileRef = F8871BC62B53871000052802 /* Preview Assets.xcassets */; };
		F8871BD42B53970A00052802 /* RedBirdFly.mp3 in Resources */ = {isa = PBXBuildFile; fileRef = F8871BCE2B53970A00052802 /* RedBirdFly.mp3 */; };
		F8871BD52B53970A00052802 /* PigDamage1.mp3 in Resources */ = {isa = PBXBuildFile; fileRef = F8871BCF2B53970A00052802 /* PigDamage1.mp3 */; };
		F8871BD62B53970A00052802 /* WoodCollide.mp3 in Resources */ = {isa = PBXBuildFile; fileRef = F8871BD02B53970A00052802 /* WoodCollide.mp3 */; };
		F8871BD72B53970A00052802 /* PigDamage2.mp3 in Resources */ = {isa = PBXBuildFile; fileRef = F8871BD12B53970A00052802 /* PigDamage2.mp3 */; };
		F8871BD82B53970A00052802 /* BlueBirdFly.mp3 in Resources */ = {isa = PBXBuildFile; fileRef = F8871BD22B53970A00052802 /* BlueBirdFly.mp3 */; };
		F8871BD92B53970A00052802 /* YellowBirdFly.mp3 in Resources */ = {isa = PBXBuildFile; fileRef = F8871BD32B53970A00052802 /* YellowBirdFly.mp3 */; };
		F8871BDE2B539AB000052802 /* StartScreenButton.swift in Sources */ = {isa = PBXBuildFile; fileRef = F8871BDD2B539AB000052802 /* StartScreenButton.swift */; };
		F8871BE02B53A06900052802 /* GameView.swift in Sources */ = {isa = PBXBuildFile; fileRef = F8871BDF2B53A06900052802 /* GameView.swift */; };
		F8871BE22B53A10600052802 /* GameScene.swift in Sources */ = {isa = PBXBuildFile; fileRef = F8871BE12B53A10600052802 /* GameScene.swift */; };
		F8871BE42B53A1C800052802 /* GameScene.sks in Resources */ = {isa = PBXBuildFile; fileRef = F8871BE32B53A1C800052802 /* GameScene.sks */; };
		F8871BE92B53AD9900052802 /* GameViewController.swift in Sources */ = {isa = PBXBuildFile; fileRef = F8871BE82B53AD9900052802 /* GameViewController.swift */; };
		F8871BEB2B53ADF200052802 /* GameViewControllerRepresentable.swift in Sources */ = {isa = PBXBuildFile; fileRef = F8871BEA2B53ADF200052802 /* GameViewControllerRepresentable.swift */; };
/* End PBXBuildFile section */

/* Begin PBXFileReference section */
		F8871BBC2B53870F00052802 /* CourtJumpSlingshot.app */ = {isa = PBXFileReference; explicitFileType = wrapper.application; includeInIndex = 0; path = CourtJumpSlingshot.app; sourceTree = BUILT_PRODUCTS_DIR; };
		F8871BBF2B53870F00052802 /* CourtJumpSlingshotApp.swift */ = {isa = PBXFileReference; lastKnownFileType = sourcecode.swift; path = CourtJumpSlingshotApp.swift; sourceTree = "<group>"; };
		F8871BC12B53870F00052802 /* StartView.swift */ = {isa = PBXFileReference; lastKnownFileType = sourcecode.swift; path = StartView.swift; sourceTree = "<group>"; };
		F8871BC32B53871000052802 /* Assets.xcassets */ = {isa = PBXFileReference; lastKnownFileType = folder.assetcatalog; path = Assets.xcassets; sourceTree = "<group>"; };
		F8871BC62B53871000052802 /* Preview Assets.xcassets */ = {isa = PBXFileReference; lastKnownFileType = folder.assetcatalog; path = "Preview Assets.xcassets"; sourceTree = "<group>"; };
		F8871BCE2B53970A00052802 /* RedBirdFly.mp3 */ = {isa = PBXFileReference; lastKnownFileType = audio.mp3; path = RedBirdFly.mp3; sourceTree = "<group>"; };
		F8871BCF2B53970A00052802 /* PigDamage1.mp3 */ = {isa = PBXFileReference; lastKnownFileType = audio.mp3; path = PigDamage1.mp3; sourceTree = "<group>"; };
		F8871BD02B53970A00052802 /* WoodCollide.mp3 */ = {isa = PBXFileReference; lastKnownFileType = audio.mp3; path = WoodCollide.mp3; sourceTree = "<group>"; };
		F8871BD12B53970A00052802 /* PigDamage2.mp3 */ = {isa = PBXFileReference; lastKnownFileType = audio.mp3; path = PigDamage2.mp3; sourceTree = "<group>"; };
		F8871BD22B53970A00052802 /* BlueBirdFly.mp3 */ = {isa = PBXFileReference; lastKnownFileType = audio.mp3; path = BlueBirdFly.mp3; sourceTree = "<group>"; };
		F8871BD32B53970A00052802 /* YellowBirdFly.mp3 */ = {isa = PBXFileReference; lastKnownFileType = audio.mp3; path = YellowBirdFly.mp3; sourceTree = "<group>"; };
		F8871BDD2B539AB000052802 /* StartScreenButton.swift */ = {isa = PBXFileReference; lastKnownFileType = sourcecode.swift; path = StartScreenButton.swift; sourceTree = "<group>"; };
		F8871BDF2B53A06900052802 /* GameView.swift */ = {isa = PBXFileReference; lastKnownFileType = sourcecode.swift; path = GameView.swift; sourceTree = "<group>"; };
		F8871BE12B53A10600052802 /* GameScene.swift */ = {isa = PBXFileReference; lastKnownFileType = sourcecode.swift; path = GameScene.swift; sourceTree = "<group>"; };
		F8871BE32B53A1C800052802 /* GameScene.sks */ = {isa = PBXFileReference; lastKnownFileType = file.sks; path = GameScene.sks; sourceTree = "<group>"; };
		F8871BE82B53AD9900052802 /* GameViewController.swift */ = {isa = PBXFileReference; lastKnownFileType = sourcecode.swift; path = GameViewController.swift; sourceTree = "<group>"; };
		F8871BEA2B53ADF200052802 /* GameViewControllerRepresentable.swift */ = {isa = PBXFileReference; lastKnownFileType = sourcecode.swift; path = GameViewControllerRepresentable.swift; sourceTree = "<group>"; };
/* End PBXFileReference section */

/* Begin PBXFrameworksBuildPhase section */
		F8871BB92B53870F00052802 /* Frameworks */ = {
			isa = PBXFrameworksBuildPhase;
			buildActionMask = 2147483647;
			files = (
			);
			runOnlyForDeploymentPostprocessing = 0;
		};
/* End PBXFrameworksBuildPhase section */

/* Begin PBXGroup section */
		F8871BB32B53870F00052802 = {
			isa = PBXGroup;
			children = (
				F8871BBE2B53870F00052802 /* CourtJumpSlingshot */,
				F8871BBD2B53870F00052802 /* Products */,
			);
			sourceTree = "<group>";
		};
		F8871BBD2B53870F00052802 /* Products */ = {
			isa = PBXGroup;
			children = (
				F8871BBC2B53870F00052802 /* CourtJumpSlingshot.app */,
			);
			name = Products;
			sourceTree = "<group>";
		};
		F8871BBE2B53870F00052802 /* CourtJumpSlingshot */ = {
			isa = PBXGroup;
			children = (
				F8871BE72B53AD4900052802 /* ViewControllers */,
				F8871BDC2B539A4E00052802 /* Supporting */,
				F8871BDB2B539A4400052802 /* Views */,
				F8871BDA2B539A3F00052802 /* Scenes */,
				F8871BCD2B5396FE00052802 /* Sounds */,
				F8871BC32B53871000052802 /* Assets.xcassets */,
				F8871BC52B53871000052802 /* Preview Content */,
			);
			path = CourtJumpSlingshot;
			sourceTree = "<group>";
		};
		F8871BC52B53871000052802 /* Preview Content */ = {
			isa = PBXGroup;
			children = (
				F8871BC62B53871000052802 /* Preview Assets.xcassets */,
			);
			path = "Preview Content";
			sourceTree = "<group>";
		};
		F8871BCD2B5396FE00052802 /* Sounds */ = {
			isa = PBXGroup;
			children = (
				F8871BD22B53970A00052802 /* BlueBirdFly.mp3 */,
				F8871BCF2B53970A00052802 /* PigDamage1.mp3 */,
				F8871BD12B53970A00052802 /* PigDamage2.mp3 */,
				F8871BCE2B53970A00052802 /* RedBirdFly.mp3 */,
				F8871BD02B53970A00052802 /* WoodCollide.mp3 */,
				F8871BD32B53970A00052802 /* YellowBirdFly.mp3 */,
			);
			path = Sounds;
			sourceTree = "<group>";
		};
		F8871BDA2B539A3F00052802 /* Scenes */ = {
			isa = PBXGroup;
			children = (
				F8871BE12B53A10600052802 /* GameScene.swift */,
			);
			path = Scenes;
			sourceTree = "<group>";
		};
		F8871BDB2B539A4400052802 /* Views */ = {
			isa = PBXGroup;
			children = (
				F8871BBF2B53870F00052802 /* CourtJumpSlingshotApp.swift */,
				F8871BC12B53870F00052802 /* StartView.swift */,
				F8871BDD2B539AB000052802 /* StartScreenButton.swift */,
				F8871BDF2B53A06900052802 /* GameView.swift */,
				F8871BEA2B53ADF200052802 /* GameViewControllerRepresentable.swift */,
			);
			path = Views;
			sourceTree = "<group>";
		};
		F8871BDC2B539A4E00052802 /* Supporting */ = {
			isa = PBXGroup;
			children = (
				F8871BE32B53A1C800052802 /* GameScene.sks */,
			);
			path = Supporting;
			sourceTree = "<group>";
		};
		F8871BE72B53AD4900052802 /* ViewControllers */ = {
			isa = PBXGroup;
			children = (
				F8871BE82B53AD9900052802 /* GameViewController.swift */,
			);
			path = ViewControllers;
			sourceTree = "<group>";
		};
/* End PBXGroup section */

/* Begin PBXNativeTarget section */
		F8871BBB2B53870F00052802 /* CourtJumpSlingshot */ = {
			isa = PBXNativeTarget;
			buildConfigurationList = F8871BCA2B53871000052802 /* Build configuration list for PBXNativeTarget "CourtJumpSlingshot" */;
			buildPhases = (
				F8871BB82B53870F00052802 /* Sources */,
				F8871BB92B53870F00052802 /* Frameworks */,
				F8871BBA2B53870F00052802 /* Resources */,
			);
			buildRules = (
			);
			dependencies = (
			);
			name = CourtJumpSlingshot;
			productName = CourtJumpSlingshot;
			productReference = F8871BBC2B53870F00052802 /* CourtJumpSlingshot.app */;
			productType = "com.apple.product-type.application";
		};
/* End PBXNativeTarget section */

/* Begin PBXProject section */
		F8871BB42B53870F00052802 /* Project object */ = {
			isa = PBXProject;
			attributes = {
				BuildIndependentTargetsInParallel = 1;
				LastSwiftUpdateCheck = 1430;
				LastUpgradeCheck = 1430;
				TargetAttributes = {
					F8871BBB2B53870F00052802 = {
						CreatedOnToolsVersion = 14.3.1;
					};
				};
			};
			buildConfigurationList = F8871BB72B53870F00052802 /* Build configuration list for PBXProject "CourtJumpSlingshot" */;
			compatibilityVersion = "Xcode 14.0";
			developmentRegion = en;
			hasScannedForEncodings = 0;
			knownRegions = (
				en,
				Base,
			);
			mainGroup = F8871BB32B53870F00052802;
			productRefGroup = F8871BBD2B53870F00052802 /* Products */;
			projectDirPath = "";
			projectRoot = "";
			targets = (
				F8871BBB2B53870F00052802 /* CourtJumpSlingshot */,
			);
		};
/* End PBXProject section */

/* Begin PBXResourcesBuildPhase section */
		F8871BBA2B53870F00052802 /* Resources */ = {
			isa = PBXResourcesBuildPhase;
			buildActionMask = 2147483647;
			files = (
				F8871BD52B53970A00052802 /* PigDamage1.mp3 in Resources */,
				F8871BC72B53871000052802 /* Preview Assets.xcassets in Resources */,
				F8871BD42B53970A00052802 /* RedBirdFly.mp3 in Resources */,
				F8871BD62B53970A00052802 /* WoodCollide.mp3 in Resources */,
				F8871BC42B53871000052802 /* Assets.xcassets in Resources */,
				F8871BD72B53970A00052802 /* PigDamage2.mp3 in Resources */,
				F8871BD82B53970A00052802 /* BlueBirdFly.mp3 in Resources */,
				F8871BE42B53A1C800052802 /* GameScene.sks in Resources */,
				F8871BD92B53970A00052802 /* YellowBirdFly.mp3 in Resources */,
			);
			runOnlyForDeploymentPostprocessing = 0;
		};
/* End PBXResourcesBuildPhase section */

/* Begin PBXSourcesBuildPhase section */
		F8871BB82B53870F00052802 /* Sources */ = {
			isa = PBXSourcesBuildPhase;
			buildActionMask = 2147483647;
			files = (
				F8871BE92B53AD9900052802 /* GameViewController.swift in Sources */,
				F8871BE22B53A10600052802 /* GameScene.swift in Sources */,
				F8871BDE2B539AB000052802 /* StartScreenButton.swift in Sources */,
				F8871BC22B53870F00052802 /* StartView.swift in Sources */,
				F8871BEB2B53ADF200052802 /* GameViewControllerRepresentable.swift in Sources */,
				F8871BE02B53A06900052802 /* GameView.swift in Sources */,
				F8871BC02B53870F00052802 /* CourtJumpSlingshotApp.swift in Sources */,
			);
			runOnlyForDeploymentPostprocessing = 0;
		};
/* End PBXSourcesBuildPhase section */

/* Begin XCBuildConfiguration section */
		F8871BC82B53871000052802 /* Debug */ = {
			isa = XCBuildConfiguration;
			buildSettings = {
				ALWAYS_SEARCH_USER_PATHS = NO;
				CLANG_ANALYZER_NONNULL = YES;
				CLANG_ANALYZER_NUMBER_OBJECT_CONVERSION = YES_AGGRESSIVE;
				CLANG_CXX_LANGUAGE_STANDARD = "gnu++20";
				CLANG_ENABLE_MODULES = YES;
				CLANG_ENABLE_OBJC_ARC = YES;
				CLANG_ENABLE_OBJC_WEAK = YES;
				CLANG_WARN_BLOCK_CAPTURE_AUTORELEASING = YES;
				CLANG_WARN_BOOL_CONVERSION = YES;
				CLANG_WARN_COMMA = YES;
				CLANG_WARN_CONSTANT_CONVERSION = YES;
				CLANG_WARN_DEPRECATED_OBJC_IMPLEMENTATIONS = YES;
				CLANG_WARN_DIRECT_OBJC_ISA_USAGE = YES_ERROR;
				CLANG_WARN_DOCUMENTATION_COMMENTS = YES;
				CLANG_WARN_EMPTY_BODY = YES;
				CLANG_WARN_ENUM_CONVERSION = YES;
				CLANG_WARN_INFINITE_RECURSION = YES;
				CLANG_WARN_INT_CONVERSION = YES;
				CLANG_WARN_NON_LITERAL_NULL_CONVERSION = YES;
				CLANG_WARN_OBJC_IMPLICIT_RETAIN_SELF = YES;
				CLANG_WARN_OBJC_LITERAL_CONVERSION = YES;
				CLANG_WARN_OBJC_ROOT_CLASS = YES_ERROR;
				CLANG_WARN_QUOTED_INCLUDE_IN_FRAMEWORK_HEADER = YES;
				CLANG_WARN_RANGE_LOOP_ANALYSIS = YES;
				CLANG_WARN_STRICT_PROTOTYPES = YES;
				CLANG_WARN_SUSPICIOUS_MOVE = YES;
				CLANG_WARN_UNGUARDED_AVAILABILITY = YES_AGGRESSIVE;
				CLANG_WARN_UNREACHABLE_CODE = YES;
				CLANG_WARN__DUPLICATE_METHOD_MATCH = YES;
				COPY_PHASE_STRIP = NO;
				DEBUG_INFORMATION_FORMAT = dwarf;
				ENABLE_STRICT_OBJC_MSGSEND = YES;
				ENABLE_TESTABILITY = YES;
				GCC_C_LANGUAGE_STANDARD = gnu11;
				GCC_DYNAMIC_NO_PIC = NO;
				GCC_NO_COMMON_BLOCKS = YES;
				GCC_OPTIMIZATION_LEVEL = 0;
				GCC_PREPROCESSOR_DEFINITIONS = (
					"DEBUG=1",
					"$(inherited)",
				);
				GCC_WARN_64_TO_32_BIT_CONVERSION = YES;
				GCC_WARN_ABOUT_RETURN_TYPE = YES_ERROR;
				GCC_WARN_UNDECLARED_SELECTOR = YES;
				GCC_WARN_UNINITIALIZED_AUTOS = YES_AGGRESSIVE;
				GCC_WARN_UNUSED_FUNCTION = YES;
				GCC_WARN_UNUSED_VARIABLE = YES;
				IPHONEOS_DEPLOYMENT_TARGET = 16.4;
				MTL_ENABLE_DEBUG_INFO = INCLUDE_SOURCE;
				MTL_FAST_MATH = YES;
				ONLY_ACTIVE_ARCH = YES;
				SDKROOT = iphoneos;
				SWIFT_ACTIVE_COMPILATION_CONDITIONS = DEBUG;
				SWIFT_OPTIMIZATION_LEVEL = "-Onone";
			};
			name = Debug;
		};
		F8871BC92B53871000052802 /* Release */ = {
			isa = XCBuildConfiguration;
			buildSettings = {
				ALWAYS_SEARCH_USER_PATHS = NO;
				CLANG_ANALYZER_NONNULL = YES;
				CLANG_ANALYZER_NUMBER_OBJECT_CONVERSION = YES_AGGRESSIVE;
				CLANG_CXX_LANGUAGE_STANDARD = "gnu++20";
				CLANG_ENABLE_MODULES = YES;
				CLANG_ENABLE_OBJC_ARC = YES;
				CLANG_ENABLE_OBJC_WEAK = YES;
				CLANG_WARN_BLOCK_CAPTURE_AUTORELEASING = YES;
				CLANG_WARN_BOOL_CONVERSION = YES;
				CLANG_WARN_COMMA = YES;
				CLANG_WARN_CONSTANT_CONVERSION = YES;
				CLANG_WARN_DEPRECATED_OBJC_IMPLEMENTATIONS = YES;
				CLANG_WARN_DIRECT_OBJC_ISA_USAGE = YES_ERROR;
				CLANG_WARN_DOCUMENTATION_COMMENTS = YES;
				CLANG_WARN_EMPTY_BODY = YES;
				CLANG_WARN_ENUM_CONVERSION = YES;
				CLANG_WARN_INFINITE_RECURSION = YES;
				CLANG_WARN_INT_CONVERSION = YES;
				CLANG_WARN_NON_LITERAL_NULL_CONVERSION = YES;
				CLANG_WARN_OBJC_IMPLICIT_RETAIN_SELF = YES;
				CLANG_WARN_OBJC_LITERAL_CONVERSION = YES;
				CLANG_WARN_OBJC_ROOT_CLASS = YES_ERROR;
				CLANG_WARN_QUOTED_INCLUDE_IN_FRAMEWORK_HEADER = YES;
				CLANG_WARN_RANGE_LOOP_ANALYSIS = YES;
				CLANG_WARN_STRICT_PROTOTYPES = YES;
				CLANG_WARN_SUSPICIOUS_MOVE = YES;
				CLANG_WARN_UNGUARDED_AVAILABILITY = YES_AGGRESSIVE;
				CLANG_WARN_UNREACHABLE_CODE = YES;
				CLANG_WARN__DUPLICATE_METHOD_MATCH = YES;
				COPY_PHASE_STRIP = NO;
				DEBUG_INFORMATION_FORMAT = "dwarf-with-dsym";
				ENABLE_NS_ASSERTIONS = NO;
				ENABLE_STRICT_OBJC_MSGSEND = YES;
				GCC_C_LANGUAGE_STANDARD = gnu11;
				GCC_NO_COMMON_BLOCKS = YES;
				GCC_WARN_64_TO_32_BIT_CONVERSION = YES;
				GCC_WARN_ABOUT_RETURN_TYPE = YES_ERROR;
				GCC_WARN_UNDECLARED_SELECTOR = YES;
				GCC_WARN_UNINITIALIZED_AUTOS = YES_AGGRESSIVE;
				GCC_WARN_UNUSED_FUNCTION = YES;
				GCC_WARN_UNUSED_VARIABLE = YES;
				IPHONEOS_DEPLOYMENT_TARGET = 16.4;
				MTL_ENABLE_DEBUG_INFO = NO;
				MTL_FAST_MATH = YES;
				SDKROOT = iphoneos;
				SWIFT_COMPILATION_MODE = wholemodule;
				SWIFT_OPTIMIZATION_LEVEL = "-O";
				VALIDATE_PRODUCT = YES;
			};
			name = Release;
		};
		F8871BCB2B53871000052802 /* Debug */ = {
			isa = XCBuildConfiguration;
			buildSettings = {
				ASSETCATALOG_COMPILER_APPICON_NAME = AppIcon;
				ASSETCATALOG_COMPILER_GLOBAL_ACCENT_COLOR_NAME = AccentColor;
				CODE_SIGN_STYLE = Automatic;
				CURRENT_PROJECT_VERSION = 1;
				DEVELOPMENT_ASSET_PATHS = "\"CourtJumpSlingshot/Preview Content\"";
				DEVELOPMENT_TEAM = XAU9475CXA;
				ENABLE_PREVIEWS = YES;
				GENERATE_INFOPLIST_FILE = YES;
				INFOPLIST_KEY_UIApplicationSceneManifest_Generation = YES;
				INFOPLIST_KEY_UIApplicationSupportsIndirectInputEvents = YES;
				INFOPLIST_KEY_UILaunchScreen_Generation = YES;
				INFOPLIST_KEY_UIRequiresFullScreen = YES;
				INFOPLIST_KEY_UISupportedInterfaceOrientations = UIInterfaceOrientationLandscapeLeft;
				IPHONEOS_DEPLOYMENT_TARGET = 16.0;
				LD_RUNPATH_SEARCH_PATHS = (
					"$(inherited)",
					"@executable_path/Frameworks",
				);
				MARKETING_VERSION = 1.0;
				PRODUCT_BUNDLE_IDENTIFIER = com.cipherlunis.CourtJumpSlingshot;
				PRODUCT_NAME = "$(TARGET_NAME)";
				SWIFT_EMIT_LOC_STRINGS = YES;
				SWIFT_VERSION = 5.0;
				TARGETED_DEVICE_FAMILY = "1,2";
			};
			name = Debug;
		};
		F8871BCC2B53871000052802 /* Release */ = {
			isa = XCBuildConfiguration;
			buildSettings = {
				ASSETCATALOG_COMPILER_APPICON_NAME = AppIcon;
				ASSETCATALOG_COMPILER_GLOBAL_ACCENT_COLOR_NAME = AccentColor;
				CODE_SIGN_STYLE = Automatic;
				CURRENT_PROJECT_VERSION = 1;
				DEVELOPMENT_ASSET_PATHS = "\"CourtJumpSlingshot/Preview Content\"";
				DEVELOPMENT_TEAM = XAU9475CXA;
				ENABLE_PREVIEWS = YES;
				GENERATE_INFOPLIST_FILE = YES;
				INFOPLIST_KEY_UIApplicationSceneManifest_Generation = YES;
				INFOPLIST_KEY_UIApplicationSupportsIndirectInputEvents = YES;
				INFOPLIST_KEY_UILaunchScreen_Generation = YES;
				INFOPLIST_KEY_UIRequiresFullScreen = YES;
				INFOPLIST_KEY_UISupportedInterfaceOrientations = UIInterfaceOrientationLandscapeLeft;
				IPHONEOS_DEPLOYMENT_TARGET = 16.0;
				LD_RUNPATH_SEARCH_PATHS = (
					"$(inherited)",
					"@executable_path/Frameworks",
				);
				MARKETING_VERSION = 1.0;
				PRODUCT_BUNDLE_IDENTIFIER = com.cipherlunis.CourtJumpSlingshot;
				PRODUCT_NAME = "$(TARGET_NAME)";
				SWIFT_EMIT_LOC_STRINGS = YES;
				SWIFT_VERSION = 5.0;
				TARGETED_DEVICE_FAMILY = "1,2";
			};
			name = Release;
		};
/* End XCBuildConfiguration section */

/* Begin XCConfigurationList section */
		F8871BB72B53870F00052802 /* Build configuration list for PBXProject "CourtJumpSlingshot" */ = {
			isa = XCConfigurationList;
			buildConfigurations = (
				F8871BC82B53871000052802 /* Debug */,
				F8871BC92B53871000052802 /* Release */,
			);
			defaultConfigurationIsVisible = 0;
			defaultConfigurationName = Release;
		};
		F8871BCA2B53871000052802 /* Build configuration list for PBXNativeTarget "CourtJumpSlingshot" */ = {
			isa = XCConfigurationList;
			buildConfigurations = (
				F8871BCB2B53871000052802 /* Debug */,
				F8871BCC2B53871000052802 /* Release */,
			);
			defaultConfigurationIsVisible = 0;
			defaultConfigurationName = Release;
		};
/* End XCConfigurationList section */
	};
	rootObject = F8871BB42B53870F00052802 /* Project object */;
}
